// !$*UTF8*$!
{
	archiveVersion = 1;
	classes = {
	};
	objectVersion = 55;
	objects = {

/* Begin PBXBuildFile section */
		90344E1827B00FF7002392DA /* Renderer.cpp in Sources */ = {isa = PBXBuildFile; fileRef = 90344E1627B00FF7002392DA /* Renderer.cpp */; };
		9037466727AEA0B4000803AA /* Shader.cpp in Sources */ = {isa = PBXBuildFile; fileRef = 9037466527AEA0B4000803AA /* Shader.cpp */; };
		90725D3627AAF508001382CE /* main.cpp in Sources */ = {isa = PBXBuildFile; fileRef = 90725D3527AAF508001382CE /* main.cpp */; };
		90725D4727AAF83A001382CE /* glad.c in Sources */ = {isa = PBXBuildFile; fileRef = 90725D4627AAF83A001382CE /* glad.c */; };
		90725D4927AAF8CE001382CE /* libglfw3.a in Frameworks */ = {isa = PBXBuildFile; fileRef = 90725D4827AAF8CE001382CE /* libglfw3.a */; settings = {ATTRIBUTES = (Required, ); }; };
		90725D6027AAF980001382CE /* Cocoa.framework in Frameworks */ = {isa = PBXBuildFile; fileRef = 90725D5F27AAF980001382CE /* Cocoa.framework */; };
		90725D6227AAF98E001382CE /* IOKit.framework in Frameworks */ = {isa = PBXBuildFile; fileRef = 90725D6127AAF98E001382CE /* IOKit.framework */; };
		90A0122127AC097100F98A96 /* Window.cpp in Sources */ = {isa = PBXBuildFile; fileRef = 90A0121F27AC097100F98A96 /* Window.cpp */; };
		90A0122727AC5AC800F98A96 /* Debug.cpp in Sources */ = {isa = PBXBuildFile; fileRef = 90A0122527AC5AC800F98A96 /* Debug.cpp */; };
/* End PBXBuildFile section */

/* Begin PBXCopyFilesBuildPhase section */
		90725D3027AAF508001382CE /* CopyFiles */ = {
			isa = PBXCopyFilesBuildPhase;
			buildActionMask = 2147483647;
			dstPath = /usr/share/man/man1/;
			dstSubfolderSpec = 0;
			files = (
			);
			runOnlyForDeploymentPostprocessing = 1;
		};
/* End PBXCopyFilesBuildPhase section */

/* Begin PBXFileReference section */
		90344E1627B00FF7002392DA /* Renderer.cpp */ = {isa = PBXFileReference; lastKnownFileType = sourcecode.cpp.cpp; path = Renderer.cpp; sourceTree = "<group>"; };
		90344E1727B00FF7002392DA /* Renderer.hpp */ = {isa = PBXFileReference; lastKnownFileType = sourcecode.cpp.h; path = Renderer.hpp; sourceTree = "<group>"; };
		90344E1A27B058F5002392DA /* README.md */ = {isa = PBXFileReference; lastKnownFileType = net.daringfireball.markdown; path = README.md; sourceTree = "<group>"; };
		9037466527AEA0B4000803AA /* Shader.cpp */ = {isa = PBXFileReference; lastKnownFileType = sourcecode.cpp.cpp; path = Shader.cpp; sourceTree = "<group>"; };
		9037466627AEA0B4000803AA /* Shader.hpp */ = {isa = PBXFileReference; lastKnownFileType = sourcecode.cpp.h; path = Shader.hpp; sourceTree = "<group>"; };
		9069F06A27AF315E003E7D98 /* vertex.glsl */ = {isa = PBXFileReference; lastKnownFileType = text; path = vertex.glsl; sourceTree = "<group>"; };
		9069F06B27AF31D3003E7D98 /* fragment.glsl */ = {isa = PBXFileReference; lastKnownFileType = text; path = fragment.glsl; sourceTree = "<group>"; };
		9069F06C27AF33D6003E7D98 /* coreGL.h */ = {isa = PBXFileReference; lastKnownFileType = sourcecode.c.h; path = coreGL.h; sourceTree = "<group>"; };
		90725D3227AAF508001382CE /* Engine */ = {isa = PBXFileReference; explicitFileType = "compiled.mach-o.executable"; includeInIndex = 0; path = Engine; sourceTree = BUILT_PRODUCTS_DIR; };
		90725D3527AAF508001382CE /* main.cpp */ = {isa = PBXFileReference; lastKnownFileType = sourcecode.cpp.cpp; path = main.cpp; sourceTree = "<group>"; };
		90725D4027AAF7D6001382CE /* glfw3.h */ = {isa = PBXFileReference; fileEncoding = 4; lastKnownFileType = sourcecode.c.h; path = glfw3.h; sourceTree = "<group>"; };
		90725D4127AAF7D6001382CE /* glfw3native.h */ = {isa = PBXFileReference; fileEncoding = 4; lastKnownFileType = sourcecode.c.h; path = glfw3native.h; sourceTree = "<group>"; };
		90725D4327AAF7EB001382CE /* glad.h */ = {isa = PBXFileReference; lastKnownFileType = sourcecode.c.h; path = glad.h; sourceTree = "<group>"; };
		90725D4527AAF7EB001382CE /* khrplatform.h */ = {isa = PBXFileReference; lastKnownFileType = sourcecode.c.h; path = khrplatform.h; sourceTree = "<group>"; };
		90725D4627AAF83A001382CE /* glad.c */ = {isa = PBXFileReference; fileEncoding = 4; lastKnownFileType = sourcecode.c.c; path = glad.c; sourceTree = "<group>"; };
		90725D4827AAF8CE001382CE /* libglfw3.a */ = {isa = PBXFileReference; lastKnownFileType = archive.ar; path = libglfw3.a; sourceTree = "<group>"; };
		90725D5F27AAF980001382CE /* Cocoa.framework */ = {isa = PBXFileReference; lastKnownFileType = wrapper.framework; name = Cocoa.framework; path = System/Library/Frameworks/Cocoa.framework; sourceTree = SDKROOT; };
		90725D6127AAF98E001382CE /* IOKit.framework */ = {isa = PBXFileReference; lastKnownFileType = wrapper.framework; name = IOKit.framework; path = System/Library/Frameworks/IOKit.framework; sourceTree = SDKROOT; };
		90A0121F27AC097100F98A96 /* Window.cpp */ = {isa = PBXFileReference; lastKnownFileType = sourcecode.cpp.cpp; path = Window.cpp; sourceTree = "<group>"; };
		90A0122027AC097100F98A96 /* Window.hpp */ = {isa = PBXFileReference; lastKnownFileType = sourcecode.cpp.h; path = Window.hpp; sourceTree = "<group>"; };
		90A0122527AC5AC800F98A96 /* Debug.cpp */ = {isa = PBXFileReference; lastKnownFileType = sourcecode.cpp.cpp; path = Debug.cpp; sourceTree = "<group>"; };
		90A0122627AC5AC800F98A96 /* Debug.hpp */ = {isa = PBXFileReference; lastKnownFileType = sourcecode.cpp.h; path = Debug.hpp; sourceTree = "<group>"; };
/* End PBXFileReference section */

/* Begin PBXFrameworksBuildPhase section */
		90725D2F27AAF508001382CE /* Frameworks */ = {
			isa = PBXFrameworksBuildPhase;
			buildActionMask = 2147483647;
			files = (
				90725D6027AAF980001382CE /* Cocoa.framework in Frameworks */,
				90725D4927AAF8CE001382CE /* libglfw3.a in Frameworks */,
				90725D6227AAF98E001382CE /* IOKit.framework in Frameworks */,
			);
			runOnlyForDeploymentPostprocessing = 0;
		};
/* End PBXFrameworksBuildPhase section */

/* Begin PBXGroup section */
		9069F06927AF30C6003E7D98 /* Shaders */ = {
			isa = PBXGroup;
			children = (
				9069F06B27AF31D3003E7D98 /* fragment.glsl */,
				9069F06A27AF315E003E7D98 /* vertex.glsl */,
			);
			path = Shaders;
			sourceTree = "<group>";
		};
		90725D2927AAF508001382CE = {
			isa = PBXGroup;
			children = (
				90344E1A27B058F5002392DA /* README.md */,
				9069F06927AF30C6003E7D98 /* Shaders */,
				90725D3C27AAF78D001382CE /* External */,
				90725D3427AAF508001382CE /* Engine */,
				90725D3327AAF508001382CE /* Products */,
				90725D5E27AAF980001382CE /* Frameworks */,
			);
			sourceTree = "<group>";
		};
		90725D3327AAF508001382CE /* Products */ = {
			isa = PBXGroup;
			children = (
				90725D3227AAF508001382CE /* Engine */,
			);
			name = Products;
			sourceTree = "<group>";
		};
		90725D3427AAF508001382CE /* Engine */ = {
			isa = PBXGroup;
			children = (
				90725D3527AAF508001382CE /* main.cpp */,
				90A0121F27AC097100F98A96 /* Window.cpp */,
				90A0122027AC097100F98A96 /* Window.hpp */,
				90A0122527AC5AC800F98A96 /* Debug.cpp */,
				90A0122627AC5AC800F98A96 /* Debug.hpp */,
				9037466527AEA0B4000803AA /* Shader.cpp */,
				9037466627AEA0B4000803AA /* Shader.hpp */,
				90344E1627B00FF7002392DA /* Renderer.cpp */,
				90344E1727B00FF7002392DA /* Renderer.hpp */,
				9069F06C27AF33D6003E7D98 /* coreGL.h */,
			);
			path = Engine;
			sourceTree = "<group>";
		};
		90725D3C27AAF78D001382CE /* External */ = {
			isa = PBXGroup;
			children = (
				90725D3E27AAF7BC001382CE /* libs */,
				90725D3D27AAF7B2001382CE /* include */,
			);
			path = External;
			sourceTree = "<group>";
		};
		90725D3D27AAF7B2001382CE /* include */ = {
			isa = PBXGroup;
			children = (
				90725D4227AAF7EB001382CE /* glad */,
				90725D4427AAF7EB001382CE /* KHR */,
				90725D3F27AAF7D6001382CE /* GLFW */,
			);
			path = include;
			sourceTree = "<group>";
		};
		90725D3E27AAF7BC001382CE /* libs */ = {
			isa = PBXGroup;
			children = (
				90725D4827AAF8CE001382CE /* libglfw3.a */,
				90725D4627AAF83A001382CE /* glad.c */,
			);
			path = libs;
			sourceTree = "<group>";
		};
		90725D3F27AAF7D6001382CE /* GLFW */ = {
			isa = PBXGroup;
			children = (
				90725D4027AAF7D6001382CE /* glfw3.h */,
				90725D4127AAF7D6001382CE /* glfw3native.h */,
			);
			path = GLFW;
			sourceTree = "<group>";
		};
		90725D4227AAF7EB001382CE /* glad */ = {
			isa = PBXGroup;
			children = (
				90725D4327AAF7EB001382CE /* glad.h */,
			);
			path = glad;
			sourceTree = "<group>";
		};
		90725D4427AAF7EB001382CE /* KHR */ = {
			isa = PBXGroup;
			children = (
				90725D4527AAF7EB001382CE /* khrplatform.h */,
			);
			path = KHR;
			sourceTree = "<group>";
		};
		90725D5E27AAF980001382CE /* Frameworks */ = {
			isa = PBXGroup;
			children = (
				90725D6127AAF98E001382CE /* IOKit.framework */,
				90725D5F27AAF980001382CE /* Cocoa.framework */,
			);
			name = Frameworks;
			sourceTree = "<group>";
		};
/* End PBXGroup section */

/* Begin PBXNativeTarget section */
		90725D3127AAF508001382CE /* Engine */ = {
			isa = PBXNativeTarget;
			buildConfigurationList = 90725D3927AAF508001382CE /* Build configuration list for PBXNativeTarget "Engine" */;
			buildPhases = (
				90725D2E27AAF508001382CE /* Sources */,
				90725D2F27AAF508001382CE /* Frameworks */,
				90725D3027AAF508001382CE /* CopyFiles */,
			);
			buildRules = (
			);
			dependencies = (
			);
			name = Engine;
			productName = Engine;
			productReference = 90725D3227AAF508001382CE /* Engine */;
			productType = "com.apple.product-type.tool";
		};
/* End PBXNativeTarget section */

/* Begin PBXProject section */
		90725D2A27AAF508001382CE /* Project object */ = {
			isa = PBXProject;
			attributes = {
				BuildIndependentTargetsInParallel = 1;
				LastUpgradeCheck = 1320;
				TargetAttributes = {
					90725D3127AAF508001382CE = {
						CreatedOnToolsVersion = 13.2.1;
					};
				};
			};
			buildConfigurationList = 90725D2D27AAF508001382CE /* Build configuration list for PBXProject "Engine" */;
			compatibilityVersion = "Xcode 13.0";
			developmentRegion = en;
			hasScannedForEncodings = 0;
			knownRegions = (
				en,
				Base,
			);
			mainGroup = 90725D2927AAF508001382CE;
			productRefGroup = 90725D3327AAF508001382CE /* Products */;
			projectDirPath = "";
			projectRoot = "";
			targets = (
				90725D3127AAF508001382CE /* Engine */,
			);
		};
/* End PBXProject section */

/* Begin PBXSourcesBuildPhase section */
		90725D2E27AAF508001382CE /* Sources */ = {
			isa = PBXSourcesBuildPhase;
			buildActionMask = 2147483647;
			files = (
				90344E1827B00FF7002392DA /* Renderer.cpp in Sources */,
				90725D3627AAF508001382CE /* main.cpp in Sources */,
				90A0122727AC5AC800F98A96 /* Debug.cpp in Sources */,
				90A0122127AC097100F98A96 /* Window.cpp in Sources */,
				90725D4727AAF83A001382CE /* glad.c in Sources */,
				9037466727AEA0B4000803AA /* Shader.cpp in Sources */,
			);
			runOnlyForDeploymentPostprocessing = 0;
		};
/* End PBXSourcesBuildPhase section */

/* Begin XCBuildConfiguration section */
		90725D3727AAF508001382CE /* Debug */ = {
			isa = XCBuildConfiguration;
			buildSettings = {
				ALWAYS_SEARCH_USER_PATHS = NO;
				CLANG_ANALYZER_NONNULL = YES;
				CLANG_ANALYZER_NUMBER_OBJECT_CONVERSION = YES_AGGRESSIVE;
				CLANG_CXX_LANGUAGE_STANDARD = "gnu++17";
				CLANG_CXX_LIBRARY = "libc++";
				CLANG_ENABLE_MODULES = YES;
				CLANG_ENABLE_OBJC_ARC = YES;
				CLANG_ENABLE_OBJC_WEAK = YES;
				CLANG_WARN_BLOCK_CAPTURE_AUTORELEASING = YES;
				CLANG_WARN_BOOL_CONVERSION = YES;
				CLANG_WARN_COMMA = YES;
				CLANG_WARN_CONSTANT_CONVERSION = YES;
				CLANG_WARN_DEPRECATED_OBJC_IMPLEMENTATIONS = YES;
				CLANG_WARN_DIRECT_OBJC_ISA_USAGE = YES_ERROR;
				CLANG_WARN_DOCUMENTATION_COMMENTS = YES;
				CLANG_WARN_EMPTY_BODY = YES;
				CLANG_WARN_ENUM_CONVERSION = YES;
				CLANG_WARN_INFINITE_RECURSION = YES;
				CLANG_WARN_INT_CONVERSION = YES;
				CLANG_WARN_NON_LITERAL_NULL_CONVERSION = YES;
				CLANG_WARN_OBJC_IMPLICIT_RETAIN_SELF = YES;
				CLANG_WARN_OBJC_LITERAL_CONVERSION = YES;
				CLANG_WARN_OBJC_ROOT_CLASS = YES_ERROR;
				CLANG_WARN_QUOTED_INCLUDE_IN_FRAMEWORK_HEADER = YES;
				CLANG_WARN_RANGE_LOOP_ANALYSIS = YES;
				CLANG_WARN_STRICT_PROTOTYPES = YES;
				CLANG_WARN_SUSPICIOUS_MOVE = YES;
				CLANG_WARN_UNGUARDED_AVAILABILITY = YES_AGGRESSIVE;
				CLANG_WARN_UNREACHABLE_CODE = YES;
				CLANG_WARN__DUPLICATE_METHOD_MATCH = YES;
				COPY_PHASE_STRIP = NO;
				DEBUG_INFORMATION_FORMAT = dwarf;
				ENABLE_STRICT_OBJC_MSGSEND = YES;
				ENABLE_TESTABILITY = YES;
				GCC_C_LANGUAGE_STANDARD = gnu11;
				GCC_DYNAMIC_NO_PIC = NO;
				GCC_NO_COMMON_BLOCKS = YES;
				GCC_OPTIMIZATION_LEVEL = 0;
				GCC_PREPROCESSOR_DEFINITIONS = (
					"DEBUG=1",
					"$(inherited)",
				);
				GCC_WARN_64_TO_32_BIT_CONVERSION = YES;
				GCC_WARN_ABOUT_RETURN_TYPE = YES_ERROR;
				GCC_WARN_UNDECLARED_SELECTOR = YES;
				GCC_WARN_UNINITIALIZED_AUTOS = YES_AGGRESSIVE;
				GCC_WARN_UNUSED_FUNCTION = YES;
				GCC_WARN_UNUSED_VARIABLE = YES;
				MACOSX_DEPLOYMENT_TARGET = 11.6;
				MTL_ENABLE_DEBUG_INFO = INCLUDE_SOURCE;
				MTL_FAST_MATH = YES;
				ONLY_ACTIVE_ARCH = YES;
				SDKROOT = macosx;
			};
			name = Debug;
		};
		90725D3827AAF508001382CE /* Release */ = {
			isa = XCBuildConfiguration;
			buildSettings = {
				ALWAYS_SEARCH_USER_PATHS = NO;
				CLANG_ANALYZER_NONNULL = YES;
				CLANG_ANALYZER_NUMBER_OBJECT_CONVERSION = YES_AGGRESSIVE;
				CLANG_CXX_LANGUAGE_STANDARD = "gnu++17";
				CLANG_CXX_LIBRARY = "libc++";
				CLANG_ENABLE_MODULES = YES;
				CLANG_ENABLE_OBJC_ARC = YES;
				CLANG_ENABLE_OBJC_WEAK = YES;
				CLANG_WARN_BLOCK_CAPTURE_AUTORELEASING = YES;
				CLANG_WARN_BOOL_CONVERSION = YES;
				CLANG_WARN_COMMA = YES;
				CLANG_WARN_CONSTANT_CONVERSION = YES;
				CLANG_WARN_DEPRECATED_OBJC_IMPLEMENTATIONS = YES;
				CLANG_WARN_DIRECT_OBJC_ISA_USAGE = YES_ERROR;
				CLANG_WARN_DOCUMENTATION_COMMENTS = YES;
				CLANG_WARN_EMPTY_BODY = YES;
				CLANG_WARN_ENUM_CONVERSION = YES;
				CLANG_WARN_INFINITE_RECURSION = YES;
				CLANG_WARN_INT_CONVERSION = YES;
				CLANG_WARN_NON_LITERAL_NULL_CONVERSION = YES;
				CLANG_WARN_OBJC_IMPLICIT_RETAIN_SELF = YES;
				CLANG_WARN_OBJC_LITERAL_CONVERSION = YES;
				CLANG_WARN_OBJC_ROOT_CLASS = YES_ERROR;
				CLANG_WARN_QUOTED_INCLUDE_IN_FRAMEWORK_HEADER = YES;
				CLANG_WARN_RANGE_LOOP_ANALYSIS = YES;
				CLANG_WARN_STRICT_PROTOTYPES = YES;
				CLANG_WARN_SUSPICIOUS_MOVE = YES;
				CLANG_WARN_UNGUARDED_AVAILABILITY = YES_AGGRESSIVE;
				CLANG_WARN_UNREACHABLE_CODE = YES;
				CLANG_WARN__DUPLICATE_METHOD_MATCH = YES;
				COPY_PHASE_STRIP = NO;
				DEBUG_INFORMATION_FORMAT = "dwarf-with-dsym";
				ENABLE_NS_ASSERTIONS = NO;
				ENABLE_STRICT_OBJC_MSGSEND = YES;
				GCC_C_LANGUAGE_STANDARD = gnu11;
				GCC_NO_COMMON_BLOCKS = YES;
				GCC_WARN_64_TO_32_BIT_CONVERSION = YES;
				GCC_WARN_ABOUT_RETURN_TYPE = YES_ERROR;
				GCC_WARN_UNDECLARED_SELECTOR = YES;
				GCC_WARN_UNINITIALIZED_AUTOS = YES_AGGRESSIVE;
				GCC_WARN_UNUSED_FUNCTION = YES;
				GCC_WARN_UNUSED_VARIABLE = YES;
				MACOSX_DEPLOYMENT_TARGET = 11.6;
				MTL_ENABLE_DEBUG_INFO = NO;
				MTL_FAST_MATH = YES;
				SDKROOT = macosx;
			};
			name = Release;
		};
		90725D3A27AAF508001382CE /* Debug */ = {
			isa = XCBuildConfiguration;
			buildSettings = {
				CODE_SIGN_STYLE = Automatic;
				DEVELOPMENT_TEAM = NBLTG86CSU;
				ENABLE_HARDENED_RUNTIME = YES;
				GCC_WARN_ABOUT_DEPRECATED_FUNCTIONS = NO;
				HEADER_SEARCH_PATHS = (
					"$(PROJECT_DIR)/External/include",
					"$(PROJECT_DIR)/Engine",
				);
				LIBRARY_SEARCH_PATHS = "$(PROJECT_DIR)/External/libs";
				PRODUCT_NAME = "$(TARGET_NAME)";
			};
			name = Debug;
		};
		90725D3B27AAF508001382CE /* Release */ = {
			isa = XCBuildConfiguration;
			buildSettings = {
				CODE_SIGN_STYLE = Automatic;
				DEVELOPMENT_TEAM = NBLTG86CSU;
				ENABLE_HARDENED_RUNTIME = YES;
				GCC_WARN_ABOUT_DEPRECATED_FUNCTIONS = NO;
				HEADER_SEARCH_PATHS = (
					"$(PROJECT_DIR)/External/include",
					"$(PROJECT_DIR)/Engine",
				);
				LIBRARY_SEARCH_PATHS = "$(PROJECT_DIR)/External/libs";
				PRODUCT_NAME = "$(TARGET_NAME)";
			};
			name = Release;
		};
/* End XCBuildConfiguration section */

/* Begin XCConfigurationList section */
		90725D2D27AAF508001382CE /* Build configuration list for PBXProject "Engine" */ = {
			isa = XCConfigurationList;
			buildConfigurations = (
				90725D3727AAF508001382CE /* Debug */,
				90725D3827AAF508001382CE /* Release */,
			);
			defaultConfigurationIsVisible = 0;
			defaultConfigurationName = Release;
		};
		90725D3927AAF508001382CE /* Build configuration list for PBXNativeTarget "Engine" */ = {
			isa = XCConfigurationList;
			buildConfigurations = (
				90725D3A27AAF508001382CE /* Debug */,
				90725D3B27AAF508001382CE /* Release */,
			);
			defaultConfigurationIsVisible = 0;
			defaultConfigurationName = Release;
		};
/* End XCConfigurationList section */
	};
	rootObject = 90725D2A27AAF508001382CE /* Project object */;
}
